<?xml version="1.0" encoding="utf-8"?>
<Project ToolsVersion="4.0" xmlns="http://schemas.microsoft.com/developer/msbuild/2003">
  <ItemGroup>
    <Filter Include="Game">
      <UniqueIdentifier>{e7ad83c1-b932-484f-b415-5cdd45394e08}</UniqueIdentifier>
    </Filter>
    <Filter Include="Scripts">
      <UniqueIdentifier>{4896923d-6789-4464-bd6e-fbe5bf8a154c}</UniqueIdentifier>
    </Filter>
    <Filter Include="Engine">
      <UniqueIdentifier>{a7e61d86-060e-4b80-9773-b9a718c358e8}</UniqueIdentifier>
    </Filter>
    <Filter Include="Data">
      <UniqueIdentifier>{f5cd167b-863c-4d37-8fa7-4749c57c4dfa}</UniqueIdentifier>
    </Filter>
    <Filter Include="Docs">
      <UniqueIdentifier>{0ff92431-461f-4aae-bd20-ab3fdbbfe372}</UniqueIdentifier>
    </Filter>
  </ItemGroup>
  <ItemGroup>
    <None Include="Compress.bat">
      <Filter>Scripts</Filter>
    </None>
    <None Include="..\Engine\OpenGL.inl">
      <Filter>Engine</Filter>
    </None>
    <None Include="..\Data\GameData.inl">
      <Filter>Data</Filter>
    </None>
  </ItemGroup>
  <ItemGroup>
    <ClCompile Include="Main.cpp">
      <Filter>Game</Filter>
    </ClCompile>
    <ClCompile Include="..\Engine\Assets.cpp">
      <Filter>Engine</Filter>
    </ClCompile>
    <ClCompile Include="..\Engine\Core.cpp">
      <Filter>Engine</Filter>
    </ClCompile>
    <ClCompile Include="..\Engine\Device.cpp">
      <Filter>Engine</Filter>
    </ClCompile>
    <ClCompile Include="..\Engine\Math.cpp">
      <Filter>Engine</Filter>
    </ClCompile>
    <ClCompile Include="..\Engine\OpenGL.cpp">
      <Filter>Engine</Filter>
    </ClCompile>
    <ClCompile Include="..\Engine\Image.cpp">
      <Filter>Engine</Filter>
    </ClCompile>
    <ClCompile Include="..\Engine\File.cpp">
      <Filter>Engine</Filter>
    </ClCompile>
    <ClCompile Include="..\Engine\Graphics.cpp">
      <Filter>Engine</Filter>
    </ClCompile>
    <ClCompile Include="..\Engine\System.cpp">
      <Filter>Engine</Filter>
    </ClCompile>
    <ClCompile Include="..\Engine\Application.cpp">
      <Filter>Engine</Filter>
    </ClCompile>
    <ClCompile Include="..\Engine\Scene.cpp">
      <Filter>Engine</Filter>
    </ClCompile>
    <ClCompile Include="..\Engine\Renderer.cpp">
      <Filter>Engine</Filter>
    </ClCompile>
    <ClCompile Include="..\Engine\UI.cpp">
      <Filter>Engine</Filter>
    </ClCompile>
    <ClCompile Include="..\Engine\Behavior.cpp">
      <Filter>Engine</Filter>
    </ClCompile>
    <ClCompile Include="..\Engine\Timer.cpp">
      <Filter>Engine</Filter>
    </ClCompile>
    <ClCompile Include="..\Engine\Thread.cpp">
      <Filter>Engine</Filter>
    </ClCompile>
    <ClCompile Include="..\Engine\Mesh.cpp">
      <Filter>Engine</Filter>
    </ClCompile>
    <ClCompile Include="..\Engine\Material.cpp" />
    <ClCompile Include="..\Engine\Physics.cpp">
      <Filter>Engine</Filter>
    </ClCompile>
    <ClCompile Include="..\Engine\Pathfinding.cpp">
      <Filter>Engine</Filter>
    </ClCompile>
    <ClCompile Include="..\Engine\_crt.cpp">
      <Filter>Engine</Filter>
    </ClCompile>
  </ItemGroup>
  <ItemGroup>
    <ClInclude Include="..\Engine\Assets.hpp">
      <Filter>Engine</Filter>
    </ClInclude>
    <ClInclude Include="..\Engine\Core.hpp">
      <Filter>Engine</Filter>
    </ClInclude>
    <ClInclude Include="..\Engine\Device.hpp">
      <Filter>Engine</Filter>
    </ClInclude>
    <ClInclude Include="..\Engine\Math.hpp">
      <Filter>Engine</Filter>
    </ClInclude>
    <ClInclude Include="..\Engine\OpenGL.hpp">
      <Filter>Engine</Filter>
    </ClInclude>
    <ClInclude Include="..\Engine\Image.hpp">
      <Filter>Engine</Filter>
    </ClInclude>
    <ClInclude Include="..\Engine\File.hpp">
      <Filter>Engine</Filter>
    </ClInclude>
    <ClInclude Include="..\Engine\Graphics.hpp">
      <Filter>Engine</Filter>
    </ClInclude>
    <ClInclude Include="..\Engine\System.hpp">
      <Filter>Engine</Filter>
    </ClInclude>
    <ClInclude Include="..\Engine\Application.hpp">
      <Filter>Engine</Filter>
    </ClInclude>
    <ClInclude Include="..\Engine\Scene.hpp">
      <Filter>Engine</Filter>
    </ClInclude>
    <ClInclude Include="..\Engine\Renderer.hpp">
      <Filter>Engine</Filter>
    </ClInclude>
    <ClInclude Include="..\Engine\Engine.hpp">
      <Filter>Engine</Filter>
    </ClInclude>
    <ClInclude Include="..\Engine\UI.hpp">
      <Filter>Engine</Filter>
    </ClInclude>
    <ClInclude Include="..\Engine\Behavior.hpp">
      <Filter>Engine</Filter>
    </ClInclude>
    <ClInclude Include="..\Engine\Timer.hpp">
      <Filter>Engine</Filter>
    </ClInclude>
    <ClInclude Include="..\Engine\Thread.hpp">
      <Filter>Engine</Filter>
    </ClInclude>
    <ClInclude Include="..\Engine\Mesh.hpp">
      <Filter>Engine</Filter>
    </ClInclude>
    <ClInclude Include="..\Engine\Material.hpp">
      <Filter>Engine</Filter>
    </ClInclude>
    <ClInclude Include="..\Engine\Physics.hpp">
      <Filter>Engine</Filter>
    </ClInclude>
    <ClInclude Include="..\Engine\Pathfinding.hpp">
      <Filter>Engine</Filter>
    </ClInclude>
    <ClInclude Include="Common.hpp">
      <Filter>Game</Filter>
    </ClInclude>
  </ItemGroup>
  <ItemGroup>
    <Natvis Include="..\Engine\Engine.natvis">
      <Filter>Engine</Filter>
    </Natvis>
  </ItemGroup>
  <ItemGroup>
    <Text Include="..\Docs\Project.txt">
      <Filter>Docs</Filter>
    </Text>
    <Text Include="..\Docs\ToDo.txt">
      <Filter>Docs</Filter>
    </Text>
  </ItemGroup>
</Project>