<?xml version="1.0" encoding="utf-8"?>
<Project ToolsVersion="4.0" xmlns="http://schemas.microsoft.com/developer/msbuild/2003">
  <ItemGroup>
    <Filter Include="Engine">
      <UniqueIdentifier>{1cb18308-7678-4f14-b023-345bead2cf3a}</UniqueIdentifier>
    </Filter>
    <Filter Include="Editor">
      <UniqueIdentifier>{0d3c0750-d7bc-46f6-86a2-f07cd4d3971d}</UniqueIdentifier>
    </Filter>
  </ItemGroup>
  <ItemGroup>
    <ClCompile Include="Main.cpp">
      <Filter>Editor</Filter>
    </ClCompile>
    <ClCompile Include="..\Engine\Application.cpp">
      <Filter>Engine</Filter>
    </ClCompile>
    <ClCompile Include="..\Engine\Assets.cpp">
      <Filter>Engine</Filter>
    </ClCompile>
    <ClCompile Include="..\Engine\Behavior.cpp">
      <Filter>Engine</Filter>
    </ClCompile>
    <ClCompile Include="..\Engine\Core.cpp">
      <Filter>Engine</Filter>
    </ClCompile>
    <ClCompile Include="..\Engine\Device.cpp">
      <Filter>Engine</Filter>
    </ClCompile>
    <ClCompile Include="..\Engine\File.cpp">
      <Filter>Engine</Filter>
    </ClCompile>
    <ClCompile Include="..\Engine\Graphics.cpp">
      <Filter>Engine</Filter>
    </ClCompile>
    <ClCompile Include="..\Engine\Image.cpp">
      <Filter>Engine</Filter>
    </ClCompile>
    <ClCompile Include="..\Engine\Math.cpp">
      <Filter>Engine</Filter>
    </ClCompile>
    <ClCompile Include="..\Engine\OpenGL.cpp">
      <Filter>Engine</Filter>
    </ClCompile>
    <ClCompile Include="..\Engine\Renderer.cpp">
      <Filter>Engine</Filter>
    </ClCompile>
    <ClCompile Include="..\Engine\Scene.cpp">
      <Filter>Engine</Filter>
    </ClCompile>
    <ClCompile Include="..\Engine\System.cpp">
      <Filter>Engine</Filter>
    </ClCompile>
    <ClCompile Include="..\Engine\Thread.cpp">
      <Filter>Engine</Filter>
    </ClCompile>
    <ClCompile Include="..\Engine\Timer.cpp">
      <Filter>Engine</Filter>
    </ClCompile>
    <ClCompile Include="..\Engine\UI.cpp">
      <Filter>Engine</Filter>
    </ClCompile>
    <ClCompile Include="..\Engine\Mesh.cpp">
      <Filter>Engine</Filter>
    </ClCompile>
    <ClCompile Include="..\Engine\Material.cpp">
      <Filter>Engine</Filter>
    </ClCompile>
    <ClCompile Include="EditorApp.cpp">
      <Filter>Editor</Filter>
    </ClCompile>
    <ClCompile Include="EditorCore.cpp">
      <Filter>Editor</Filter>
    </ClCompile>
    <ClCompile Include="..\Engine\Pathfinding.cpp">
      <Filter>Engine</Filter>
    </ClCompile>
    <ClCompile Include="..\Engine\Physics.cpp">
      <Filter>Engine</Filter>
    </ClCompile>
    <ClCompile Include="..\Engine\_crt.cpp">
      <Filter>Engine</Filter>
    </ClCompile>
  </ItemGroup>
  <ItemGroup>
    <ClInclude Include="..\Engine\Application.hpp">
      <Filter>Engine</Filter>
    </ClInclude>
    <ClInclude Include="..\Engine\Assets.hpp">
      <Filter>Engine</Filter>
    </ClInclude>
    <ClInclude Include="..\Engine\Behavior.hpp">
      <Filter>Engine</Filter>
    </ClInclude>
    <ClInclude Include="..\Engine\Core.hpp">
      <Filter>Engine</Filter>
    </ClInclude>
    <ClInclude Include="..\Engine\Device.hpp">
      <Filter>Engine</Filter>
    </ClInclude>
    <ClInclude Include="..\Engine\Engine.hpp">
      <Filter>Engine</Filter>
    </ClInclude>
    <ClInclude Include="..\Engine\File.hpp">
      <Filter>Engine</Filter>
    </ClInclude>
    <ClInclude Include="..\Engine\Graphics.hpp">
      <Filter>Engine</Filter>
    </ClInclude>
    <ClInclude Include="..\Engine\Image.hpp">
      <Filter>Engine</Filter>
    </ClInclude>
    <ClInclude Include="..\Engine\Math.hpp">
      <Filter>Engine</Filter>
    </ClInclude>
    <ClInclude Include="..\Engine\OpenGL.hpp">
      <Filter>Engine</Filter>
    </ClInclude>
    <ClInclude Include="..\Engine\Renderer.hpp">
      <Filter>Engine</Filter>
    </ClInclude>
    <ClInclude Include="..\Engine\Scene.hpp">
      <Filter>Engine</Filter>
    </ClInclude>
    <ClInclude Include="..\Engine\System.hpp">
      <Filter>Engine</Filter>
    </ClInclude>
    <ClInclude Include="..\Engine\Thread.hpp">
      <Filter>Engine</Filter>
    </ClInclude>
    <ClInclude Include="..\Engine\Timer.hpp">
      <Filter>Engine</Filter>
    </ClInclude>
    <ClInclude Include="..\Engine\UI.hpp">
      <Filter>Engine</Filter>
    </ClInclude>
    <ClInclude Include="..\Engine\Mesh.hpp">
      <Filter>Engine</Filter>
    </ClInclude>
    <ClInclude Include="..\Engine\Material.hpp">
      <Filter>Engine</Filter>
    </ClInclude>
    <ClInclude Include="EditorApp.hpp">
      <Filter>Editor</Filter>
    </ClInclude>
    <ClInclude Include="Common.hpp">
      <Filter>Editor</Filter>
    </ClInclude>
    <ClInclude Include="EditorCore.hpp">
      <Filter>Editor</Filter>
    </ClInclude>
    <ClInclude Include="..\Engine\Pathfinding.hpp">
      <Filter>Engine</Filter>
    </ClInclude>
    <ClInclude Include="..\Engine\Physics.hpp">
      <Filter>Engine</Filter>
    </ClInclude>
  </ItemGroup>
  <ItemGroup>
    <Natvis Include="..\Engine\Engine.natvis">
      <Filter>Engine</Filter>
    </Natvis>
  </ItemGroup>
  <ItemGroup>
    <None Include="..\Engine\OpenGL.inl">
      <Filter>Engine</Filter>
    </None>
  </ItemGroup>
</Project>